
Microsoft Visual Studio Solution File, Format Version 12.00
# Visual Studio Version 16
VisualStudioVersion = 16.0.30907.101
MinimumVisualStudioVersion = 10.0.40219.1
Project("{FAE04EC0-301F-11D3-BF4B-00C04F79EFBC}") = "WebApplication1", "WebApplication1\WebApplication1.csproj", "{86A3E5D9-D2C1-4DEA-B2EC-BDF6F2465A0A}"
EndProject
Global
	GlobalSection(SolutionConfigurationPlatforms) = preSolution
		Debug|Any CPU = Debug|Any CPU
		Release|Any CPU = Release|Any CPU
	EndGlobalSection
	GlobalSection(ProjectConfigurationPlatforms) = postSolution
		{86A3E5D9-D2C1-4DEA-B2EC-BDF6F2465A0A}.Debug|Any CPU.ActiveCfg = Debug|Any CPU
		{86A3E5D9-D2C1-4DEA-B2EC-BDF6F2465A0A}.Debug|Any CPU.Build.0 = Debug|Any CPU
		{86A3E5D9-D2C1-4DEA-B2EC-BDF6F2465A0A}.Release|Any CPU.ActiveCfg = Release|Any CPU
		{86A3E5D9-D2C1-4DEA-B2EC-BDF6F2465A0A}.Release|Any CPU.Build.0 = Release|Any CPU
	EndGlobalSection
	GlobalSection(SolutionProperties) = preSolution
		HideSolutionNode = FALSE
	EndGlobalSection
	GlobalSection(ExtensibilityGlobals) = postSolution
		SolutionGuid = {976E5EB0-D6CA-488D-8901-4D02EDFF8322}
	EndGlobalSection
EndGlobal
